// !$*UTF8*$!
{
	archiveVersion = 1;
	classes = {
	};
	objectVersion = 51;
	objects = {

/* Begin PBXBuildFile section */
		355A11DC21E0AB2800FCA7A9 /* ARCADE_I.TTF in Resources */ = {isa = PBXBuildFile; fileRef = 355A11DB21E0AB2800FCA7A9 /* ARCADE_I.TTF */; };
		358B68EE21E23FB90034764C /* SoundManager.swift in Sources */ = {isa = PBXBuildFile; fileRef = 358B68ED21E23FB90034764C /* SoundManager.swift */; };
		35A1254D21E21D2E00713E65 /* ResultViewController.swift in Sources */ = {isa = PBXBuildFile; fileRef = 35A1254C21E21D2E00713E65 /* ResultViewController.swift */; };
		35A1254F21E22E6100713E65 /* Quentin.otf in Resources */ = {isa = PBXBuildFile; fileRef = 35A1254E21E22E6100713E65 /* Quentin.otf */; };
		35A7965321E0EA5400EE11B6 /* SettingsViewController.swift in Sources */ = {isa = PBXBuildFile; fileRef = 35A7965221E0EA5400EE11B6 /* SettingsViewController.swift */; };
		35D16AB021DF5D440067ECBC /* FirstViewController.swift in Sources */ = {isa = PBXBuildFile; fileRef = 35D16AAF21DF5D440067ECBC /* FirstViewController.swift */; };
		3908D59C21C22FF0005C05C6 /* AppDelegate.swift in Sources */ = {isa = PBXBuildFile; fileRef = 3908D59B21C22FF0005C05C6 /* AppDelegate.swift */; };
		3908D5A021C22FF0005C05C6 /* Actions.sks in Resources */ = {isa = PBXBuildFile; fileRef = 3908D59F21C22FF0005C05C6 /* Actions.sks */; };
		3908D5A221C22FF0005C05C6 /* GameScene.swift in Sources */ = {isa = PBXBuildFile; fileRef = 3908D5A121C22FF0005C05C6 /* GameScene.swift */; };
		3908D5A421C22FF0005C05C6 /* GameViewController.swift in Sources */ = {isa = PBXBuildFile; fileRef = 3908D5A321C22FF0005C05C6 /* GameViewController.swift */; };
		3908D5A721C22FF0005C05C6 /* Main.storyboard in Resources */ = {isa = PBXBuildFile; fileRef = 3908D5A521C22FF0005C05C6 /* Main.storyboard */; };
		3908D5A921C22FF2005C05C6 /* Assets.xcassets in Resources */ = {isa = PBXBuildFile; fileRef = 3908D5A821C22FF2005C05C6 /* Assets.xcassets */; };
		3908D5AC21C22FF2005C05C6 /* LaunchScreen.storyboard in Resources */ = {isa = PBXBuildFile; fileRef = 3908D5AA21C22FF2005C05C6 /* LaunchScreen.storyboard */; };
		3908D5B421C23901005C05C6 /* Array2D.swift in Sources */ = {isa = PBXBuildFile; fileRef = 3908D5B321C23901005C05C6 /* Array2D.swift */; };
		3908D5B621C2423E005C05C6 /* Block.swift in Sources */ = {isa = PBXBuildFile; fileRef = 3908D5B521C2423E005C05C6 /* Block.swift */; };
		3908D5B821C24987005C05C6 /* Sounds in Resources */ = {isa = PBXBuildFile; fileRef = 3908D5B721C24987005C05C6 /* Sounds */; };
		3908D5BA21C249A7005C05C6 /* Sprites.atlas in Resources */ = {isa = PBXBuildFile; fileRef = 3908D5B921C249A7005C05C6 /* Sprites.atlas */; };
		3908D5BC21C24C74005C05C6 /* Shape.swift in Sources */ = {isa = PBXBuildFile; fileRef = 3908D5BB21C24C74005C05C6 /* Shape.swift */; };
		3908D5BE21C254ED005C05C6 /* SquareShape.swift in Sources */ = {isa = PBXBuildFile; fileRef = 3908D5BD21C254ED005C05C6 /* SquareShape.swift */; };
		3908D5C021C25526005C05C6 /* TShape.swift in Sources */ = {isa = PBXBuildFile; fileRef = 3908D5BF21C25526005C05C6 /* TShape.swift */; };
		3908D5C221C25555005C05C6 /* LineShape.swift in Sources */ = {isa = PBXBuildFile; fileRef = 3908D5C121C25555005C05C6 /* LineShape.swift */; };
		3908D5C421C2556F005C05C6 /* LShape.swift in Sources */ = {isa = PBXBuildFile; fileRef = 3908D5C321C2556F005C05C6 /* LShape.swift */; };
		3908D5C621C255AD005C05C6 /* JShape.swift in Sources */ = {isa = PBXBuildFile; fileRef = 3908D5C521C255AD005C05C6 /* JShape.swift */; };
		3908D5C821C255D0005C05C6 /* SShape.swift in Sources */ = {isa = PBXBuildFile; fileRef = 3908D5C721C255D0005C05C6 /* SShape.swift */; };
		3908D5CA21C25628005C05C6 /* ZShape.swift in Sources */ = {isa = PBXBuildFile; fileRef = 3908D5C921C25628005C05C6 /* ZShape.swift */; };
		3908D5CC21C2593C005C05C6 /* Swiftris.swift in Sources */ = {isa = PBXBuildFile; fileRef = 3908D5CB21C2593C005C05C6 /* Swiftris.swift */; };
		49C672F121E9F151004ED9FA /* GradeTableViewCell.swift in Sources */ = {isa = PBXBuildFile; fileRef = 49C672F021E9F151004ED9FA /* GradeTableViewCell.swift */; };
		49E3FBC821E8E425006E8F85 /* Grade.swift in Sources */ = {isa = PBXBuildFile; fileRef = 49E3FBC721E8E425006E8F85 /* Grade.swift */; };
		57C3790522BCCDE900ED2C22 /* MenuViewController.swift in Sources */ = {isa = PBXBuildFile; fileRef = 57C3790422BCCDE900ED2C22 /* MenuViewController.swift */; };
		E4D97F6838CA67CB01877A50 /* Pods_Teris.framework in Frameworks */ = {isa = PBXBuildFile; fileRef = 0246961E88B49F4DDDD762A4 /* Pods_Teris.framework */; };
/* End PBXBuildFile section */

/* Begin PBXFileReference section */
		0246961E88B49F4DDDD762A4 /* Pods_Teris.framework */ = {isa = PBXFileReference; explicitFileType = wrapper.framework; includeInIndex = 0; path = Pods_Teris.framework; sourceTree = BUILT_PRODUCTS_DIR; };
		355A11DB21E0AB2800FCA7A9 /* ARCADE_I.TTF */ = {isa = PBXFileReference; lastKnownFileType = file; path = ARCADE_I.TTF; sourceTree = "<group>"; };
		358B68ED21E23FB90034764C /* SoundManager.swift */ = {isa = PBXFileReference; lastKnownFileType = sourcecode.swift; path = SoundManager.swift; sourceTree = "<group>"; };
		35A1254C21E21D2E00713E65 /* ResultViewController.swift */ = {isa = PBXFileReference; lastKnownFileType = sourcecode.swift; path = ResultViewController.swift; sourceTree = "<group>"; };
		35A1254E21E22E6100713E65 /* Quentin.otf */ = {isa = PBXFileReference; lastKnownFileType = file; path = Quentin.otf; sourceTree = "<group>"; };
		35A7965221E0EA5400EE11B6 /* SettingsViewController.swift */ = {isa = PBXFileReference; lastKnownFileType = sourcecode.swift; path = SettingsViewController.swift; sourceTree = "<group>"; };
		35D16AAF21DF5D440067ECBC /* FirstViewController.swift */ = {isa = PBXFileReference; lastKnownFileType = sourcecode.swift; path = FirstViewController.swift; sourceTree = "<group>"; };
		3908D59821C22FF0005C05C6 /* Teris.app */ = {isa = PBXFileReference; explicitFileType = wrapper.application; includeInIndex = 0; path = Teris.app; sourceTree = BUILT_PRODUCTS_DIR; };
		3908D59B21C22FF0005C05C6 /* AppDelegate.swift */ = {isa = PBXFileReference; lastKnownFileType = sourcecode.swift; path = AppDelegate.swift; sourceTree = "<group>"; };
		3908D59F21C22FF0005C05C6 /* Actions.sks */ = {isa = PBXFileReference; lastKnownFileType = file.sks; path = Actions.sks; sourceTree = "<group>"; };
		3908D5A121C22FF0005C05C6 /* GameScene.swift */ = {isa = PBXFileReference; lastKnownFileType = sourcecode.swift; path = GameScene.swift; sourceTree = "<group>"; };
		3908D5A321C22FF0005C05C6 /* GameViewController.swift */ = {isa = PBXFileReference; lastKnownFileType = sourcecode.swift; path = GameViewController.swift; sourceTree = "<group>"; };
		3908D5A621C22FF0005C05C6 /* Base */ = {isa = PBXFileReference; lastKnownFileType = file.storyboard; name = Base; path = Base.lproj/Main.storyboard; sourceTree = "<group>"; };
		3908D5A821C22FF2005C05C6 /* Assets.xcassets */ = {isa = PBXFileReference; lastKnownFileType = folder.assetcatalog; path = Assets.xcassets; sourceTree = "<group>"; };
		3908D5AB21C22FF2005C05C6 /* Base */ = {isa = PBXFileReference; lastKnownFileType = file.storyboard; name = Base; path = Base.lproj/LaunchScreen.storyboard; sourceTree = "<group>"; };
		3908D5AD21C22FF2005C05C6 /* Info.plist */ = {isa = PBXFileReference; lastKnownFileType = text.plist.xml; path = Info.plist; sourceTree = "<group>"; };
		3908D5B321C23901005C05C6 /* Array2D.swift */ = {isa = PBXFileReference; lastKnownFileType = sourcecode.swift; path = Array2D.swift; sourceTree = "<group>"; };
		3908D5B521C2423E005C05C6 /* Block.swift */ = {isa = PBXFileReference; lastKnownFileType = sourcecode.swift; path = Block.swift; sourceTree = "<group>"; };
		3908D5B721C24987005C05C6 /* Sounds */ = {isa = PBXFileReference; lastKnownFileType = folder; path = Sounds; sourceTree = "<group>"; };
		3908D5B921C249A7005C05C6 /* Sprites.atlas */ = {isa = PBXFileReference; lastKnownFileType = folder.skatlas; path = Sprites.atlas; sourceTree = "<group>"; };
		3908D5BB21C24C74005C05C6 /* Shape.swift */ = {isa = PBXFileReference; lastKnownFileType = sourcecode.swift; path = Shape.swift; sourceTree = "<group>"; };
		3908D5BD21C254ED005C05C6 /* SquareShape.swift */ = {isa = PBXFileReference; lastKnownFileType = sourcecode.swift; path = SquareShape.swift; sourceTree = "<group>"; };
		3908D5BF21C25526005C05C6 /* TShape.swift */ = {isa = PBXFileReference; lastKnownFileType = sourcecode.swift; path = TShape.swift; sourceTree = "<group>"; };
		3908D5C121C25555005C05C6 /* LineShape.swift */ = {isa = PBXFileReference; lastKnownFileType = sourcecode.swift; path = LineShape.swift; sourceTree = "<group>"; };
		3908D5C321C2556F005C05C6 /* LShape.swift */ = {isa = PBXFileReference; lastKnownFileType = sourcecode.swift; path = LShape.swift; sourceTree = "<group>"; };
		3908D5C521C255AD005C05C6 /* JShape.swift */ = {isa = PBXFileReference; lastKnownFileType = sourcecode.swift; path = JShape.swift; sourceTree = "<group>"; };
		3908D5C721C255D0005C05C6 /* SShape.swift */ = {isa = PBXFileReference; lastKnownFileType = sourcecode.swift; path = SShape.swift; sourceTree = "<group>"; };
		3908D5C921C25628005C05C6 /* ZShape.swift */ = {isa = PBXFileReference; lastKnownFileType = sourcecode.swift; path = ZShape.swift; sourceTree = "<group>"; };
		3908D5CB21C2593C005C05C6 /* Swiftris.swift */ = {isa = PBXFileReference; lastKnownFileType = sourcecode.swift; path = Swiftris.swift; sourceTree = "<group>"; };
		49C672F021E9F151004ED9FA /* GradeTableViewCell.swift */ = {isa = PBXFileReference; lastKnownFileType = sourcecode.swift; path = GradeTableViewCell.swift; sourceTree = "<group>"; };
		49E3FBC721E8E425006E8F85 /* Grade.swift */ = {isa = PBXFileReference; lastKnownFileType = sourcecode.swift; path = Grade.swift; sourceTree = "<group>"; };
		57C3790422BCCDE900ED2C22 /* MenuViewController.swift */ = {isa = PBXFileReference; lastKnownFileType = sourcecode.swift; path = MenuViewController.swift; sourceTree = "<group>"; };
		75DAB45C991D131987945F64 /* Pods-Teris.release.xcconfig */ = {isa = PBXFileReference; includeInIndex = 1; lastKnownFileType = text.xcconfig; name = "Pods-Teris.release.xcconfig"; path = "Target Support Files/Pods-Teris/Pods-Teris.release.xcconfig"; sourceTree = "<group>"; };
		CAB96C8751133BDF4C318615 /* Pods-Teris.debug.xcconfig */ = {isa = PBXFileReference; includeInIndex = 1; lastKnownFileType = text.xcconfig; name = "Pods-Teris.debug.xcconfig"; path = "Target Support Files/Pods-Teris/Pods-Teris.debug.xcconfig"; sourceTree = "<group>"; };
/* End PBXFileReference section */

/* Begin PBXFrameworksBuildPhase section */
		3908D59521C22FF0005C05C6 /* Frameworks */ = {
			isa = PBXFrameworksBuildPhase;
			buildActionMask = 2147483647;
			files = (
				E4D97F6838CA67CB01877A50 /* Pods_Teris.framework in Frameworks */,
			);
			runOnlyForDeploymentPostprocessing = 0;
		};
/* End PBXFrameworksBuildPhase section */

/* Begin PBXGroup section */
		1184E39AFD87778454CECCD9 /* Frameworks */ = {
			isa = PBXGroup;
			children = (
				0246961E88B49F4DDDD762A4 /* Pods_Teris.framework */,
			);
			name = Frameworks;
			sourceTree = "<group>";
		};
		3908D58F21C22FF0005C05C6 = {
			isa = PBXGroup;
			children = (
				3908D59A21C22FF0005C05C6 /* Teris */,
				3908D59921C22FF0005C05C6 /* Products */,
				D19123F9DDD887E53BEF7EA6 /* Pods */,
				1184E39AFD87778454CECCD9 /* Frameworks */,
			);
			sourceTree = "<group>";
		};
		3908D59921C22FF0005C05C6 /* Products */ = {
			isa = PBXGroup;
			children = (
				3908D59821C22FF0005C05C6 /* Teris.app */,
			);
			name = Products;
			sourceTree = "<group>";
		};
		3908D59A21C22FF0005C05C6 /* Teris */ = {
			isa = PBXGroup;
			children = (
				35A1254E21E22E6100713E65 /* Quentin.otf */,
				355A11DB21E0AB2800FCA7A9 /* ARCADE_I.TTF */,
				3908D59B21C22FF0005C05C6 /* AppDelegate.swift */,
				3908D59F21C22FF0005C05C6 /* Actions.sks */,
				3908D5A121C22FF0005C05C6 /* GameScene.swift */,
				3908D5A321C22FF0005C05C6 /* GameViewController.swift */,
				3908D5A521C22FF0005C05C6 /* Main.storyboard */,
				3908D5A821C22FF2005C05C6 /* Assets.xcassets */,
				3908D5AA21C22FF2005C05C6 /* LaunchScreen.storyboard */,
				3908D5AD21C22FF2005C05C6 /* Info.plist */,
				3908D5B321C23901005C05C6 /* Array2D.swift */,
				3908D5B521C2423E005C05C6 /* Block.swift */,
				3908D5B921C249A7005C05C6 /* Sprites.atlas */,
				3908D5B721C24987005C05C6 /* Sounds */,
				3908D5BB21C24C74005C05C6 /* Shape.swift */,
				3908D5BD21C254ED005C05C6 /* SquareShape.swift */,
				3908D5BF21C25526005C05C6 /* TShape.swift */,
				3908D5C121C25555005C05C6 /* LineShape.swift */,
				3908D5C321C2556F005C05C6 /* LShape.swift */,
				3908D5C521C255AD005C05C6 /* JShape.swift */,
				3908D5C721C255D0005C05C6 /* SShape.swift */,
				3908D5C921C25628005C05C6 /* ZShape.swift */,
				3908D5CB21C2593C005C05C6 /* Swiftris.swift */,
				35D16AAF21DF5D440067ECBC /* FirstViewController.swift */,
				35A7965221E0EA5400EE11B6 /* SettingsViewController.swift */,
				35A1254C21E21D2E00713E65 /* ResultViewController.swift */,
				358B68ED21E23FB90034764C /* SoundManager.swift */,
				49E3FBC721E8E425006E8F85 /* Grade.swift */,
				49C672F021E9F151004ED9FA /* GradeTableViewCell.swift */,
				57C3790422BCCDE900ED2C22 /* MenuViewController.swift */,
			);
			path = Teris;
			sourceTree = "<group>";
		};
		D19123F9DDD887E53BEF7EA6 /* Pods */ = {
			isa = PBXGroup;
			children = (
				CAB96C8751133BDF4C318615 /* Pods-Teris.debug.xcconfig */,
				75DAB45C991D131987945F64 /* Pods-Teris.release.xcconfig */,
			);
			path = Pods;
			sourceTree = "<group>";
		};
/* End PBXGroup section */

/* Begin PBXNativeTarget section */
		3908D59721C22FF0005C05C6 /* Teris */ = {
			isa = PBXNativeTarget;
			buildConfigurationList = 3908D5B021C22FF2005C05C6 /* Build configuration list for PBXNativeTarget "Teris" */;
			buildPhases = (
				D161E0FB7950CDC87B069C04 /* [CP] Check Pods Manifest.lock */,
				3908D59421C22FF0005C05C6 /* Sources */,
				3908D59521C22FF0005C05C6 /* Frameworks */,
				3908D59621C22FF0005C05C6 /* Resources */,
				6495FBA3C2C9AFEC09B928CA /* [CP] Embed Pods Frameworks */,
			);
			buildRules = (
			);
			dependencies = (
			);
			name = Teris;
			productName = Teris;
			productReference = 3908D59821C22FF0005C05C6 /* Teris.app */;
			productType = "com.apple.product-type.application";
		};
/* End PBXNativeTarget section */

/* Begin PBXProject section */
		3908D59021C22FF0005C05C6 /* Project object */ = {
			isa = PBXProject;
			attributes = {
				LastSwiftUpdateCheck = 1000;
				LastUpgradeCheck = 1000;
				ORGANIZATIONNAME = User21;
				TargetAttributes = {
					3908D59721C22FF0005C05C6 = {
						CreatedOnToolsVersion = 10.0;
					};
				};
			};
			buildConfigurationList = 3908D59321C22FF0005C05C6 /* Build configuration list for PBXProject "Teris" */;
			compatibilityVersion = "Xcode 9.3";
			developmentRegion = en;
			hasScannedForEncodings = 0;
			knownRegions = (
				en,
				Base,
			);
			mainGroup = 3908D58F21C22FF0005C05C6;
			productRefGroup = 3908D59921C22FF0005C05C6 /* Products */;
			projectDirPath = "";
			projectRoot = "";
			targets = (
				3908D59721C22FF0005C05C6 /* Teris */,
			);
		};
/* End PBXProject section */

/* Begin PBXResourcesBuildPhase section */
		3908D59621C22FF0005C05C6 /* Resources */ = {
			isa = PBXResourcesBuildPhase;
			buildActionMask = 2147483647;
			files = (
				3908D5BA21C249A7005C05C6 /* Sprites.atlas in Resources */,
				3908D5B821C24987005C05C6 /* Sounds in Resources */,
				3908D5A721C22FF0005C05C6 /* Main.storyboard in Resources */,
				355A11DC21E0AB2800FCA7A9 /* ARCADE_I.TTF in Resources */,
				3908D5A921C22FF2005C05C6 /* Assets.xcassets in Resources */,
				3908D5AC21C22FF2005C05C6 /* LaunchScreen.storyboard in Resources */,
				35A1254F21E22E6100713E65 /* Quentin.otf in Resources */,
				3908D5A021C22FF0005C05C6 /* Actions.sks in Resources */,
			);
			runOnlyForDeploymentPostprocessing = 0;
		};
/* End PBXResourcesBuildPhase section */

/* Begin PBXShellScriptBuildPhase section */
		6495FBA3C2C9AFEC09B928CA /* [CP] Embed Pods Frameworks */ = {
			isa = PBXShellScriptBuildPhase;
			buildActionMask = 2147483647;
			files = (
			);
			inputFileListPaths = (
				"${PODS_ROOT}/Target Support Files/Pods-Teris/Pods-Teris-frameworks-${CONFIGURATION}-input-files.xcfilelist",
			);
			name = "[CP] Embed Pods Frameworks";
			outputFileListPaths = (
				"${PODS_ROOT}/Target Support Files/Pods-Teris/Pods-Teris-frameworks-${CONFIGURATION}-output-files.xcfilelist",
			);
			runOnlyForDeploymentPostprocessing = 0;
			shellPath = /bin/sh;
			shellScript = "\"${PODS_ROOT}/Target Support Files/Pods-Teris/Pods-Teris-frameworks.sh\"\n";
			showEnvVarsInLog = 0;
		};
		D161E0FB7950CDC87B069C04 /* [CP] Check Pods Manifest.lock */ = {
			isa = PBXShellScriptBuildPhase;
			buildActionMask = 2147483647;
			files = (
			);
			inputFileListPaths = (
			);
			inputPaths = (
				"${PODS_PODFILE_DIR_PATH}/Podfile.lock",
				"${PODS_ROOT}/Manifest.lock",
			);
			name = "[CP] Check Pods Manifest.lock";
			outputFileListPaths = (
			);
			outputPaths = (
				"$(DERIVED_FILE_DIR)/Pods-Teris-checkManifestLockResult.txt",
			);
			runOnlyForDeploymentPostprocessing = 0;
			shellPath = /bin/sh;
			shellScript = "diff \"${PODS_PODFILE_DIR_PATH}/Podfile.lock\" \"${PODS_ROOT}/Manifest.lock\" > /dev/null\nif [ $? != 0 ] ; then\n    # print error to STDERR\n    echo \"error: The sandbox is not in sync with the Podfile.lock. Run 'pod install' or update your CocoaPods installation.\" >&2\n    exit 1\nfi\n# This output is used by Xcode 'outputs' to avoid re-running this script phase.\necho \"SUCCESS\" > \"${SCRIPT_OUTPUT_FILE_0}\"\n";
			showEnvVarsInLog = 0;
		};
/* End PBXShellScriptBuildPhase section */

/* Begin PBXSourcesBuildPhase section */
		3908D59421C22FF0005C05C6 /* Sources */ = {
			isa = PBXSourcesBuildPhase;
			buildActionMask = 2147483647;
			files = (
				35D16AB021DF5D440067ECBC /* FirstViewController.swift in Sources */,
				3908D5C421C2556F005C05C6 /* LShape.swift in Sources */,
				3908D5BE21C254ED005C05C6 /* SquareShape.swift in Sources */,
				3908D5A221C22FF0005C05C6 /* GameScene.swift in Sources */,
				3908D5C621C255AD005C05C6 /* JShape.swift in Sources */,
				3908D5CC21C2593C005C05C6 /* Swiftris.swift in Sources */,
				3908D5BC21C24C74005C05C6 /* Shape.swift in Sources */,
				49C672F121E9F151004ED9FA /* GradeTableViewCell.swift in Sources */,
				35A7965321E0EA5400EE11B6 /* SettingsViewController.swift in Sources */,
				35A1254D21E21D2E00713E65 /* ResultViewController.swift in Sources */,
				3908D5B421C23901005C05C6 /* Array2D.swift in Sources */,
				3908D5C221C25555005C05C6 /* LineShape.swift in Sources */,
				3908D5C821C255D0005C05C6 /* SShape.swift in Sources */,
				3908D5C021C25526005C05C6 /* TShape.swift in Sources */,
				57C3790522BCCDE900ED2C22 /* MenuViewController.swift in Sources */,
				3908D5B621C2423E005C05C6 /* Block.swift in Sources */,
				3908D5A421C22FF0005C05C6 /* GameViewController.swift in Sources */,
				3908D5CA21C25628005C05C6 /* ZShape.swift in Sources */,
				3908D59C21C22FF0005C05C6 /* AppDelegate.swift in Sources */,
				49E3FBC821E8E425006E8F85 /* Grade.swift in Sources */,
				358B68EE21E23FB90034764C /* SoundManager.swift in Sources */,
			);
			runOnlyForDeploymentPostprocessing = 0;
		};
/* End PBXSourcesBuildPhase section */

/* Begin PBXVariantGroup section */
		3908D5A521C22FF0005C05C6 /* Main.storyboard */ = {
			isa = PBXVariantGroup;
			children = (
				3908D5A621C22FF0005C05C6 /* Base */,
			);
			name = Main.storyboard;
			sourceTree = "<group>";
		};
		3908D5AA21C22FF2005C05C6 /* LaunchScreen.storyboard */ = {
			isa = PBXVariantGroup;
			children = (
				3908D5AB21C22FF2005C05C6 /* Base */,
			);
			name = LaunchScreen.storyboard;
			sourceTree = "<group>";
		};
/* End PBXVariantGroup section */

/* Begin XCBuildConfiguration section */
		3908D5AE21C22FF2005C05C6 /* Debug */ = {
			isa = XCBuildConfiguration;
			buildSettings = {
				ALWAYS_SEARCH_USER_PATHS = NO;
				CLANG_ANALYZER_NONNULL = YES;
				CLANG_ANALYZER_NUMBER_OBJECT_CONVERSION = YES_AGGRESSIVE;
				CLANG_CXX_LANGUAGE_STANDARD = "gnu++14";
				CLANG_CXX_LIBRARY = "libc++";
				CLANG_ENABLE_MODULES = YES;
				CLANG_ENABLE_OBJC_ARC = YES;
				CLANG_ENABLE_OBJC_WEAK = YES;
				CLANG_WARN_BLOCK_CAPTURE_AUTORELEASING = YES;
				CLANG_WARN_BOOL_CONVERSION = YES;
				CLANG_WARN_COMMA = YES;
				CLANG_WARN_CONSTANT_CONVERSION = YES;
				CLANG_WARN_DEPRECATED_OBJC_IMPLEMENTATIONS = YES;
				CLANG_WARN_DIRECT_OBJC_ISA_USAGE = YES_ERROR;
				CLANG_WARN_DOCUMENTATION_COMMENTS = YES;
				CLANG_WARN_EMPTY_BODY = YES;
				CLANG_WARN_ENUM_CONVERSION = YES;
				CLANG_WARN_INFINITE_RECURSION = YES;
				CLANG_WARN_INT_CONVERSION = YES;
				CLANG_WARN_NON_LITERAL_NULL_CONVERSION = YES;
				CLANG_WARN_OBJC_IMPLICIT_RETAIN_SELF = YES;
				CLANG_WARN_OBJC_LITERAL_CONVERSION = YES;
				CLANG_WARN_OBJC_ROOT_CLASS = YES_ERROR;
				CLANG_WARN_RANGE_LOOP_ANALYSIS = YES;
				CLANG_WARN_STRICT_PROTOTYPES = YES;
				CLANG_WARN_SUSPICIOUS_MOVE = YES;
				CLANG_WARN_UNGUARDED_AVAILABILITY = YES_AGGRESSIVE;
				CLANG_WARN_UNREACHABLE_CODE = YES;
				CLANG_WARN__DUPLICATE_METHOD_MATCH = YES;
				CODE_SIGN_IDENTITY = "iPhone Developer";
				COPY_PHASE_STRIP = NO;
				DEBUG_INFORMATION_FORMAT = dwarf;
				ENABLE_STRICT_OBJC_MSGSEND = YES;
				ENABLE_TESTABILITY = YES;
				GCC_C_LANGUAGE_STANDARD = gnu11;
				GCC_DYNAMIC_NO_PIC = NO;
				GCC_NO_COMMON_BLOCKS = YES;
				GCC_OPTIMIZATION_LEVEL = 0;
				GCC_PREPROCESSOR_DEFINITIONS = (
					"DEBUG=1",
					"$(inherited)",
				);
				GCC_WARN_64_TO_32_BIT_CONVERSION = YES;
				GCC_WARN_ABOUT_RETURN_TYPE = YES_ERROR;
				GCC_WARN_UNDECLARED_SELECTOR = YES;
				GCC_WARN_UNINITIALIZED_AUTOS = YES_AGGRESSIVE;
				GCC_WARN_UNUSED_FUNCTION = YES;
				GCC_WARN_UNUSED_VARIABLE = YES;
				IPHONEOS_DEPLOYMENT_TARGET = 12.0;
				MTL_ENABLE_DEBUG_INFO = INCLUDE_SOURCE;
				MTL_FAST_MATH = YES;
				ONLY_ACTIVE_ARCH = YES;
				SDKROOT = iphoneos;
				SWIFT_ACTIVE_COMPILATION_CONDITIONS = DEBUG;
				SWIFT_OPTIMIZATION_LEVEL = "-Onone";
			};
			name = Debug;
		};
		3908D5AF21C22FF2005C05C6 /* Release */ = {
			isa = XCBuildConfiguration;
			buildSettings = {
				ALWAYS_SEARCH_USER_PATHS = NO;
				CLANG_ANALYZER_NONNULL = YES;
				CLANG_ANALYZER_NUMBER_OBJECT_CONVERSION = YES_AGGRESSIVE;
				CLANG_CXX_LANGUAGE_STANDARD = "gnu++14";
				CLANG_CXX_LIBRARY = "libc++";
				CLANG_ENABLE_MODULES = YES;
				CLANG_ENABLE_OBJC_ARC = YES;
				CLANG_ENABLE_OBJC_WEAK = YES;
				CLANG_WARN_BLOCK_CAPTURE_AUTORELEASING = YES;
				CLANG_WARN_BOOL_CONVERSION = YES;
				CLANG_WARN_COMMA = YES;
				CLANG_WARN_CONSTANT_CONVERSION = YES;
				CLANG_WARN_DEPRECATED_OBJC_IMPLEMENTATIONS = YES;
				CLANG_WARN_DIRECT_OBJC_ISA_USAGE = YES_ERROR;
				CLANG_WARN_DOCUMENTATION_COMMENTS = YES;
				CLANG_WARN_EMPTY_BODY = YES;
				CLANG_WARN_ENUM_CONVERSION = YES;
				CLANG_WARN_INFINITE_RECURSION = YES;
				CLANG_WARN_INT_CONVERSION = YES;
				CLANG_WARN_NON_LITERAL_NULL_CONVERSION = YES;
				CLANG_WARN_OBJC_IMPLICIT_RETAIN_SELF = YES;
				CLANG_WARN_OBJC_LITERAL_CONVERSION = YES;
				CLANG_WARN_OBJC_ROOT_CLASS = YES_ERROR;
				CLANG_WARN_RANGE_LOOP_ANALYSIS = YES;
				CLANG_WARN_STRICT_PROTOTYPES = YES;
				CLANG_WARN_SUSPICIOUS_MOVE = YES;
				CLANG_WARN_UNGUARDED_AVAILABILITY = YES_AGGRESSIVE;
				CLANG_WARN_UNREACHABLE_CODE = YES;
				CLANG_WARN__DUPLICATE_METHOD_MATCH = YES;
				CODE_SIGN_IDENTITY = "iPhone Developer";
				COPY_PHASE_STRIP = NO;
				DEBUG_INFORMATION_FORMAT = "dwarf-with-dsym";
				ENABLE_NS_ASSERTIONS = NO;
				ENABLE_STRICT_OBJC_MSGSEND = YES;
				GCC_C_LANGUAGE_STANDARD = gnu11;
				GCC_NO_COMMON_BLOCKS = YES;
				GCC_WARN_64_TO_32_BIT_CONVERSION = YES;
				GCC_WARN_ABOUT_RETURN_TYPE = YES_ERROR;
				GCC_WARN_UNDECLARED_SELECTOR = YES;
				GCC_WARN_UNINITIALIZED_AUTOS = YES_AGGRESSIVE;
				GCC_WARN_UNUSED_FUNCTION = YES;
				GCC_WARN_UNUSED_VARIABLE = YES;
				IPHONEOS_DEPLOYMENT_TARGET = 12.0;
				MTL_ENABLE_DEBUG_INFO = NO;
				MTL_FAST_MATH = YES;
				SDKROOT = iphoneos;
				SWIFT_COMPILATION_MODE = wholemodule;
				SWIFT_OPTIMIZATION_LEVEL = "-O";
				VALIDATE_PRODUCT = YES;
			};
			name = Release;
		};
		3908D5B121C22FF2005C05C6 /* Debug */ = {
			isa = XCBuildConfiguration;
			baseConfigurationReference = CAB96C8751133BDF4C318615 /* Pods-Teris.debug.xcconfig */;
			buildSettings = {
				ASSETCATALOG_COMPILER_APPICON_NAME = AppIcon;
				CODE_SIGN_STYLE = Automatic;
				INFOPLIST_FILE = Teris/Info.plist;
				LD_RUNPATH_SEARCH_PATHS = (
					"$(inherited)",
					"@executable_path/Frameworks",
				);
				PRODUCT_BUNDLE_IDENTIFIER = com.user21.Teris;
				PRODUCT_NAME = "$(TARGET_NAME)";
				SWIFT_VERSION = 4.2;
				TARGETED_DEVICE_FAMILY = 1;
			};
			name = Debug;
		};
		3908D5B221C22FF2005C05C6 /* Release */ = {
			isa = XCBuildConfiguration;
			baseConfigurationReference = 75DAB45C991D131987945F64 /* Pods-Teris.release.xcconfig */;
			buildSettings = {
				ASSETCATALOG_COMPILER_APPICON_NAME = AppIcon;
				CODE_SIGN_STYLE = Automatic;
				INFOPLIST_FILE = Teris/Info.plist;
				LD_RUNPATH_SEARCH_PATHS = (
					"$(inherited)",
					"@executable_path/Frameworks",
				);
				PRODUCT_BUNDLE_IDENTIFIER = com.user21.Teris;
				PRODUCT_NAME = "$(TARGET_NAME)";
				SWIFT_VERSION = 4.2;
				TARGETED_DEVICE_FAMILY = 1;
			};
			name = Release;
		};
/* End XCBuildConfiguration section */

/* Begin XCConfigurationList section */
		3908D59321C22FF0005C05C6 /* Build configuration list for PBXProject "Teris" */ = {
			isa = XCConfigurationList;
			buildConfigurations = (
				3908D5AE21C22FF2005C05C6 /* Debug */,
				3908D5AF21C22FF2005C05C6 /* Release */,
			);
			defaultConfigurationIsVisible = 0;
			defaultConfigurationName = Release;
		};
		3908D5B021C22FF2005C05C6 /* Build configuration list for PBXNativeTarget "Teris" */ = {
			isa = XCConfigurationList;
			buildConfigurations = (
				3908D5B121C22FF2005C05C6 /* Debug */,
				3908D5B221C22FF2005C05C6 /* Release */,
			);
			defaultConfigurationIsVisible = 0;
			defaultConfigurationName = Release;
		};
/* End XCConfigurationList section */
	};
	rootObject = 3908D59021C22FF0005C05C6 /* Project object */;
}
